
Microsoft Visual Studio Solution File, Format Version 12.00
# Visual Studio Version 17
VisualStudioVersion = 17.11.35222.181
MinimumVisualStudioVersion = 10.0.40219.1
Project("{FAE04EC0-301F-11D3-BF4B-00C04F79EFBC}") = "LinkList", "LinkList\LinkList.csproj", "{7B87EF24-5526-4178-9A47-A0E845DCB714}"
EndProject
Global
	GlobalSection(SolutionConfigurationPlatforms) = preSolution
		Debug|Any CPU = Debug|Any CPU
		Release|Any CPU = Release|Any CPU
	EndGlobalSection
	GlobalSection(ProjectConfigurationPlatforms) = postSolution
		{7B87EF24-5526-4178-9A47-A0E845DCB714}.Debug|Any CPU.ActiveCfg = Debug|Any CPU
		{7B87EF24-5526-4178-9A47-A0E845DCB714}.Debug|Any CPU.Build.0 = Debug|Any CPU
		{7B87EF24-5526-4178-9A47-A0E845DCB714}.Release|Any CPU.ActiveCfg = Release|Any CPU
		{7B87EF24-5526-4178-9A47-A0E845DCB714}.Release|Any CPU.Build.0 = Release|Any CPU
	EndGlobalSection
	GlobalSection(SolutionProperties) = preSolution
		HideSolutionNode = FALSE
	EndGlobalSection
	GlobalSection(ExtensibilityGlobals) = postSolution
		SolutionGuid = {A1D6D95B-7E27-4BC0-AD1C-731F78214F86}
	EndGlobalSection
EndGlobal
